
Microsoft Visual Studio Solution File, Format Version 12.00
# Visual Studio Version 17
VisualStudioVersion = 17.1.32210.238
MinimumVisualStudioVersion = 10.0.40219.1
Project("{2150E333-8FDC-42A3-9474-1A3956D46DE8}") = "Business Services", "Business Services", "{B2F18C8F-0908-4100-8DC5-B49B681DA65D}"
EndProject
Project("{2150E333-8FDC-42A3-9474-1A3956D46DE8}") = "Data Services", "Data Services", "{304F3B9E-381A-4BEB-8446-81613439A306}"
EndProject
Project("{2150E333-8FDC-42A3-9474-1A3956D46DE8}") = "Shared", "Shared", "{A013AECA-D672-433A-BA9C-356949E70CCB}"
EndProject
Project("{2150E333-8FDC-42A3-9474-1A3956D46DE8}") = "Authentication", "Authentication", "{713F8A72-7E49-4499-8843-EC0200605B5B}"
EndProject
Project("{9A19103F-16F7-4668-BE54-9A1E7A4F7556}") = "SSLE.Auth.Services", "SSLE.Auth.api\Business Services\SSLE.Auth.Services\SSLE.Auth.Services.csproj", "{C8DC4EB1-643F-470A-9702-3EE7CB235094}"
EndProject
Project("{9A19103F-16F7-4668-BE54-9A1E7A4F7556}") = "SSLE.Auth.Services.Contract", "SSLE.Auth.api\Business Services\SSLE.Auth.Services.Contract\SSLE.Auth.Services.Contract.csproj", "{EDB342BB-13E8-4F20-B425-9833E3E409C8}"
EndProject
Project("{9A19103F-16F7-4668-BE54-9A1E7A4F7556}") = "SSLE.Auth.Services.Models", "SSLE.Auth.api\Business Services\SSLE.Auth.Services.Models\SSLE.Auth.Services.Models.csproj", "{BFC943EC-75A9-4AC2-BFE3-F085C942900C}"
EndProject
Project("{9A19103F-16F7-4668-BE54-9A1E7A4F7556}") = "SSLE.Auth.Repository.Contract", "SSLE.Auth.api\Data Services\SSLE.Auth.Contract\SSLE.Auth.Repository.Contract.csproj", "{A3F2D70E-C38B-4B9D-BD8D-37F09F20B67A}"
EndProject
Project("{9A19103F-16F7-4668-BE54-9A1E7A4F7556}") = "SSLE.Auth.Data", "SSLE.Auth.api\Data Services\SSLE.Auth.Data\SSLE.Auth.Data.csproj", "{6B0D502A-1117-42AE-90DA-1BC9AA99F094}"
EndProject
Project("{9A19103F-16F7-4668-BE54-9A1E7A4F7556}") = "SSLE.Auth.Contract", "SSLE.Auth.api\Data Services\SSLE.Auth.Data.Contract\SSLE.Auth.Contract.csproj", "{214F0161-2355-459A-81EF-B1F2645692C0}"
EndProject
Project("{9A19103F-16F7-4668-BE54-9A1E7A4F7556}") = "SSLE.Auth.Data.Models", "SSLE.Auth.api\Data Services\SSLE.Auth.Data.Models\SSLE.Auth.Data.Models.csproj", "{A90C75D5-A4EF-4741-82EC-0803B219A7D8}"
EndProject
Project("{9A19103F-16F7-4668-BE54-9A1E7A4F7556}") = "SSLE.Auth.Repository", "SSLE.Auth.api\Data Services\SSLE.Auth.Repository\SSLE.Auth.Repository.csproj", "{F2E29A8C-517E-45FE-B9B3-848D03188F81}"
EndProject
Project("{9A19103F-16F7-4668-BE54-9A1E7A4F7556}") = "SSLE.Auth.Common", "SSLE.Auth.api\Shared\SSLE..Auth.Common\SSLE.Auth.Common.csproj", "{FE4627B3-546C-4483-AD14-81907D0FBBC6}"
EndProject
Project("{9A19103F-16F7-4668-BE54-9A1E7A4F7556}") = "SSLE.Auth.Ioc", "SSLE.Auth.api\Shared\SSLE.Auth.Ioc\SSLE.Auth.Ioc.csproj", "{2155D014-6582-4459-A5DA-0A1D65319529}"
EndProject
Project("{9A19103F-16F7-4668-BE54-9A1E7A4F7556}") = "SSLE.Auth.Api", "SSLE.Auth.api\Deploy\SSLE.Auth.Api.csproj", "{2859EAA9-9D9D-4C61-8D45-BDA7B5A33925}"
EndProject
Global
	GlobalSection(SolutionConfigurationPlatforms) = preSolution
		Debug|Any CPU = Debug|Any CPU
		Release|Any CPU = Release|Any CPU
	EndGlobalSection
	GlobalSection(ProjectConfigurationPlatforms) = postSolution
		{C8DC4EB1-643F-470A-9702-3EE7CB235094}.Debug|Any CPU.ActiveCfg = Debug|Any CPU
		{C8DC4EB1-643F-470A-9702-3EE7CB235094}.Debug|Any CPU.Build.0 = Debug|Any CPU
		{C8DC4EB1-643F-470A-9702-3EE7CB235094}.Release|Any CPU.ActiveCfg = Release|Any CPU
		{C8DC4EB1-643F-470A-9702-3EE7CB235094}.Release|Any CPU.Build.0 = Release|Any CPU
		{EDB342BB-13E8-4F20-B425-9833E3E409C8}.Debug|Any CPU.ActiveCfg = Debug|Any CPU
		{EDB342BB-13E8-4F20-B425-9833E3E409C8}.Debug|Any CPU.Build.0 = Debug|Any CPU
		{EDB342BB-13E8-4F20-B425-9833E3E409C8}.Release|Any CPU.ActiveCfg = Release|Any CPU
		{EDB342BB-13E8-4F20-B425-9833E3E409C8}.Release|Any CPU.Build.0 = Release|Any CPU
		{BFC943EC-75A9-4AC2-BFE3-F085C942900C}.Debug|Any CPU.ActiveCfg = Debug|Any CPU
		{BFC943EC-75A9-4AC2-BFE3-F085C942900C}.Debug|Any CPU.Build.0 = Debug|Any CPU
		{BFC943EC-75A9-4AC2-BFE3-F085C942900C}.Release|Any CPU.ActiveCfg = Release|Any CPU
		{BFC943EC-75A9-4AC2-BFE3-F085C942900C}.Release|Any CPU.Build.0 = Release|Any CPU
		{A3F2D70E-C38B-4B9D-BD8D-37F09F20B67A}.Debug|Any CPU.ActiveCfg = Debug|Any CPU
		{A3F2D70E-C38B-4B9D-BD8D-37F09F20B67A}.Debug|Any CPU.Build.0 = Debug|Any CPU
		{A3F2D70E-C38B-4B9D-BD8D-37F09F20B67A}.Release|Any CPU.ActiveCfg = Release|Any CPU
		{A3F2D70E-C38B-4B9D-BD8D-37F09F20B67A}.Release|Any CPU.Build.0 = Release|Any CPU
		{6B0D502A-1117-42AE-90DA-1BC9AA99F094}.Debug|Any CPU.ActiveCfg = Debug|Any CPU
		{6B0D502A-1117-42AE-90DA-1BC9AA99F094}.Debug|Any CPU.Build.0 = Debug|Any CPU
		{6B0D502A-1117-42AE-90DA-1BC9AA99F094}.Release|Any CPU.ActiveCfg = Release|Any CPU
		{6B0D502A-1117-42AE-90DA-1BC9AA99F094}.Release|Any CPU.Build.0 = Release|Any CPU
		{214F0161-2355-459A-81EF-B1F2645692C0}.Debug|Any CPU.ActiveCfg = Debug|Any CPU
		{214F0161-2355-459A-81EF-B1F2645692C0}.Debug|Any CPU.Build.0 = Debug|Any CPU
		{214F0161-2355-459A-81EF-B1F2645692C0}.Release|Any CPU.ActiveCfg = Release|Any CPU
		{214F0161-2355-459A-81EF-B1F2645692C0}.Release|Any CPU.Build.0 = Release|Any CPU
		{A90C75D5-A4EF-4741-82EC-0803B219A7D8}.Debug|Any CPU.ActiveCfg = Debug|Any CPU
		{A90C75D5-A4EF-4741-82EC-0803B219A7D8}.Debug|Any CPU.Build.0 = Debug|Any CPU
		{A90C75D5-A4EF-4741-82EC-0803B219A7D8}.Release|Any CPU.ActiveCfg = Release|Any CPU
		{A90C75D5-A4EF-4741-82EC-0803B219A7D8}.Release|Any CPU.Build.0 = Release|Any CPU
		{F2E29A8C-517E-45FE-B9B3-848D03188F81}.Debug|Any CPU.ActiveCfg = Debug|Any CPU
		{F2E29A8C-517E-45FE-B9B3-848D03188F81}.Debug|Any CPU.Build.0 = Debug|Any CPU
		{F2E29A8C-517E-45FE-B9B3-848D03188F81}.Release|Any CPU.ActiveCfg = Release|Any CPU
		{F2E29A8C-517E-45FE-B9B3-848D03188F81}.Release|Any CPU.Build.0 = Release|Any CPU
		{FE4627B3-546C-4483-AD14-81907D0FBBC6}.Debug|Any CPU.ActiveCfg = Debug|Any CPU
		{FE4627B3-546C-4483-AD14-81907D0FBBC6}.Debug|Any CPU.Build.0 = Debug|Any CPU
		{FE4627B3-546C-4483-AD14-81907D0FBBC6}.Release|Any CPU.ActiveCfg = Release|Any CPU
		{FE4627B3-546C-4483-AD14-81907D0FBBC6}.Release|Any CPU.Build.0 = Release|Any CPU
		{2155D014-6582-4459-A5DA-0A1D65319529}.Debug|Any CPU.ActiveCfg = Debug|Any CPU
		{2155D014-6582-4459-A5DA-0A1D65319529}.Debug|Any CPU.Build.0 = Debug|Any CPU
		{2155D014-6582-4459-A5DA-0A1D65319529}.Release|Any CPU.ActiveCfg = Release|Any CPU
		{2155D014-6582-4459-A5DA-0A1D65319529}.Release|Any CPU.Build.0 = Release|Any CPU
		{2859EAA9-9D9D-4C61-8D45-BDA7B5A33925}.Debug|Any CPU.ActiveCfg = Debug|Any CPU
		{2859EAA9-9D9D-4C61-8D45-BDA7B5A33925}.Debug|Any CPU.Build.0 = Debug|Any CPU
		{2859EAA9-9D9D-4C61-8D45-BDA7B5A33925}.Release|Any CPU.ActiveCfg = Release|Any CPU
		{2859EAA9-9D9D-4C61-8D45-BDA7B5A33925}.Release|Any CPU.Build.0 = Release|Any CPU
	EndGlobalSection
	GlobalSection(SolutionProperties) = preSolution
		HideSolutionNode = FALSE
	EndGlobalSection
	GlobalSection(NestedProjects) = preSolution
		{B2F18C8F-0908-4100-8DC5-B49B681DA65D} = {713F8A72-7E49-4499-8843-EC0200605B5B}
		{304F3B9E-381A-4BEB-8446-81613439A306} = {713F8A72-7E49-4499-8843-EC0200605B5B}
		{A013AECA-D672-433A-BA9C-356949E70CCB} = {713F8A72-7E49-4499-8843-EC0200605B5B}
		{C8DC4EB1-643F-470A-9702-3EE7CB235094} = {B2F18C8F-0908-4100-8DC5-B49B681DA65D}
		{EDB342BB-13E8-4F20-B425-9833E3E409C8} = {B2F18C8F-0908-4100-8DC5-B49B681DA65D}
		{BFC943EC-75A9-4AC2-BFE3-F085C942900C} = {B2F18C8F-0908-4100-8DC5-B49B681DA65D}
		{A3F2D70E-C38B-4B9D-BD8D-37F09F20B67A} = {304F3B9E-381A-4BEB-8446-81613439A306}
		{6B0D502A-1117-42AE-90DA-1BC9AA99F094} = {304F3B9E-381A-4BEB-8446-81613439A306}
		{214F0161-2355-459A-81EF-B1F2645692C0} = {304F3B9E-381A-4BEB-8446-81613439A306}
		{A90C75D5-A4EF-4741-82EC-0803B219A7D8} = {304F3B9E-381A-4BEB-8446-81613439A306}
		{F2E29A8C-517E-45FE-B9B3-848D03188F81} = {304F3B9E-381A-4BEB-8446-81613439A306}
		{FE4627B3-546C-4483-AD14-81907D0FBBC6} = {A013AECA-D672-433A-BA9C-356949E70CCB}
		{2155D014-6582-4459-A5DA-0A1D65319529} = {A013AECA-D672-433A-BA9C-356949E70CCB}
	EndGlobalSection
	GlobalSection(ExtensibilityGlobals) = postSolution
		SolutionGuid = {2D4F99DE-8CFF-49BE-B5A3-0BDCF08AF159}
	EndGlobalSection
EndGlobal
